# THIS IS AN AUTOGENERATED FILE. DO NOT EDIT THIS FILE DIRECTLY.
# yarn lockfile v1


"@types/get-value@^3.0.1":
  version "3.0.1"
  resolved "https://registry.yarnpkg.com/@types/get-value/-/get-value-3.0.1.tgz#67da2663d2a632fb2ed33693479176b2841749ca"
  integrity sha512-Pla+0sjwKHH9d5aejg9hSXd+NxlKnaLutTpckENtCNTnrC+EmAsQsqhp+WJX8LgOBDDiRtiBj5kX8PwAfL+KdQ==

"@types/node@*":
  version "12.7.12"
  resolved "https://registry.yarnpkg.com/@types/node/-/node-12.7.12.tgz#7c6c571cc2f3f3ac4a59a5f2bd48f5bdbc8653cc"
  integrity sha512-KPYGmfD0/b1eXurQ59fXD1GBzhSQfz6/lKBxkaHX9dKTzjXbK68Zt7yGUxUsCS1jeTy/8aL+d9JEr+S54mpkWQ==

"@types/set-value@^2.0.0":
  version "2.0.0"
  resolved "https://registry.yarnpkg.com/@types/set-value/-/set-value-2.0.0.tgz#63d386b103926dcf49b50e16e0f6dd49983046be"
  integrity sha512-k8dCJEC80F/mbsIOZ5Hj3YSzTVVVBwMdtP/M9Rtc2TM4F5etVd+2UG8QUiAUfbXm4fABedL2tBZnrBheY7UwpA==

base64-js@^1.0.2:
  version "1.3.1"
  resolved "https://registry.yarnpkg.com/base64-js/-/base64-js-1.3.1.tgz#58ece8cb75dd07e71ed08c736abc5fac4dbf8df1"
  integrity sha512-mLQ4i2QO1ytvGWFWmcngKO//JXAQueZvwEKtjgQFM4jIK0kU+ytMfplL8j+n5mspOfjHwoAg+9yhb7BwAHm36g==

buffer@^5.4.3:
  version "5.4.3"
  resolved "https://registry.yarnpkg.com/buffer/-/buffer-5.4.3.tgz#3fbc9c69eb713d323e3fc1a895eee0710c072115"
  integrity sha512-zvj65TkFeIt3i6aj5bIvJDzjjQQGs4o/sNoezg1F1kYap9Nu2jcUdpwzRSJTHMMzG0H7bZkn4rNQpImhuxWX2A==
  dependencies:
    base64-js "^1.0.2"
    ieee754 "^1.1.4"

get-value@^3.0.1:
  version "3.0.1"
  resolved "https://registry.yarnpkg.com/get-value/-/get-value-3.0.1.tgz#5efd2a157f1d6a516d7524e124ac52d0a39ef5a8"
  integrity sha512-mKZj9JLQrwMBtj5wxi6MH8Z5eSKaERpAwjg43dPtlGI1ZVEgH/qC7T8/6R2OBSUA+zzHBZgICsVJaEIV2tKTDA==
  dependencies:
    isobject "^3.0.1"

ieee754@^1.1.4:
  version "1.1.13"
  resolved "https://registry.yarnpkg.com/ieee754/-/ieee754-1.1.13.tgz#ec168558e95aa181fd87d37f55c32bbcb6708b84"
  integrity sha512-4vf7I2LYV/HaWerSo3XmlMkp5eZ83i+/CDluXi/IGTs/O1sejBNhTtnxzmRZfvOUqj7lZjqHkeTvpgSFDlWZTg==

is-plain-object@^2.0.4:
  version "2.0.4"
  resolved "https://registry.yarnpkg.com/is-plain-object/-/is-plain-object-2.0.4.tgz#2c163b3fafb1b606d9d17928f05c2a1c38e07677"
  integrity sha512-h5PpgXkWitc38BBMYawTYMWJHFZJVnBquFE57xFpjB8pJFiF6gZ+bU+WyI/yqXiFR5mdLsgYNaPe8uao6Uv9Og==
  dependencies:
    isobject "^3.0.1"

isobject@^3.0.1:
  version "3.0.1"
  resolved "https://registry.yarnpkg.com/isobject/-/isobject-3.0.1.tgz#4e431e92b11a9731636aa1f9c8d1ccbcfdab78df"
  integrity sha1-TkMekrEalzFjaqH5yNHMvP2reN8=

set-value@^3.0.2:
  version "3.0.2"
  resolved "https://registry.yarnpkg.com/set-value/-/set-value-3.0.2.tgz#74e8ecd023c33d0f77199d415409a40f21e61b90"
  integrity sha512-npjkVoz+ank0zjlV9F47Fdbjfj/PfXyVhZvGALWsyIYU/qrMzpi6avjKW3/7KeSU2Df3I46BrN1xOI1+6vW0hA==
  dependencies:
    is-plain-object "^2.0.4"
